
Microsoft Visual Studio Solution File, Format Version 12.00
# Visual Studio Version 17
VisualStudioVersion = 17.1.32407.343
MinimumVisualStudioVersion = 10.0.40219.1
Project("{9A19103F-16F7-4668-BE54-9A1E7A4F7556}") = "ShuffledDeckOfCards", "Module4\ShuffledDeckOfCards.csproj", "{43C0A437-743D-4F6E-8DCA-4138CBD31D93}"
EndProject
Project("{9A19103F-16F7-4668-BE54-9A1E7A4F7556}") = "ShuffledDeckOfCardsTests", "ShuffledDeckOfCardsTests\ShuffledDeckOfCardsTests.csproj", "{11878D77-2BB3-4CDB-94F6-942C8823498E}"
EndProject
Global
	GlobalSection(SolutionConfigurationPlatforms) = preSolution
		Debug|Any CPU = Debug|Any CPU
		Release|Any CPU = Release|Any CPU
	EndGlobalSection
	GlobalSection(ProjectConfigurationPlatforms) = postSolution
		{43C0A437-743D-4F6E-8DCA-4138CBD31D93}.Debug|Any CPU.ActiveCfg = Debug|Any CPU
		{43C0A437-743D-4F6E-8DCA-4138CBD31D93}.Debug|Any CPU.Build.0 = Debug|Any CPU
		{43C0A437-743D-4F6E-8DCA-4138CBD31D93}.Release|Any CPU.ActiveCfg = Release|Any CPU
		{43C0A437-743D-4F6E-8DCA-4138CBD31D93}.Release|Any CPU.Build.0 = Release|Any CPU
		{11878D77-2BB3-4CDB-94F6-942C8823498E}.Debug|Any CPU.ActiveCfg = Debug|Any CPU
		{11878D77-2BB3-4CDB-94F6-942C8823498E}.Debug|Any CPU.Build.0 = Debug|Any CPU
		{11878D77-2BB3-4CDB-94F6-942C8823498E}.Release|Any CPU.ActiveCfg = Release|Any CPU
		{11878D77-2BB3-4CDB-94F6-942C8823498E}.Release|Any CPU.Build.0 = Release|Any CPU
	EndGlobalSection
	GlobalSection(SolutionProperties) = preSolution
		HideSolutionNode = FALSE
	EndGlobalSection
	GlobalSection(ExtensibilityGlobals) = postSolution
		SolutionGuid = {F2BE473A-12A8-4B93-BB39-8D173039E8F4}
	EndGlobalSection
EndGlobal
