
Microsoft Visual Studio Solution File, Format Version 12.00
# Visual Studio Version 16
VisualStudioVersion = 16.0.32228.343
MinimumVisualStudioVersion = 10.0.40219.1
Project("{9A19103F-16F7-4668-BE54-9A1E7A4F7556}") = "LibraryModuleOne.Tests", "LibraryModuleOne.Tests\LibraryModuleOne.Tests.csproj", "{B160892B-68F5-427D-9347-A1CFE5037AC9}"
EndProject
Project("{9A19103F-16F7-4668-BE54-9A1E7A4F7556}") = "LibraryModuleOne", "ClassLibrary1\LibraryModuleOne.csproj", "{6F52AD66-0D25-41AF-BB0E-16E58D57CAA4}"
EndProject
Global
	GlobalSection(SolutionConfigurationPlatforms) = preSolution
		Debug|Any CPU = Debug|Any CPU
		Release|Any CPU = Release|Any CPU
	EndGlobalSection
	GlobalSection(ProjectConfigurationPlatforms) = postSolution
		{B160892B-68F5-427D-9347-A1CFE5037AC9}.Debug|Any CPU.ActiveCfg = Debug|Any CPU
		{B160892B-68F5-427D-9347-A1CFE5037AC9}.Debug|Any CPU.Build.0 = Debug|Any CPU
		{B160892B-68F5-427D-9347-A1CFE5037AC9}.Release|Any CPU.ActiveCfg = Release|Any CPU
		{B160892B-68F5-427D-9347-A1CFE5037AC9}.Release|Any CPU.Build.0 = Release|Any CPU
		{6F52AD66-0D25-41AF-BB0E-16E58D57CAA4}.Debug|Any CPU.ActiveCfg = Debug|Any CPU
		{6F52AD66-0D25-41AF-BB0E-16E58D57CAA4}.Debug|Any CPU.Build.0 = Debug|Any CPU
		{6F52AD66-0D25-41AF-BB0E-16E58D57CAA4}.Release|Any CPU.ActiveCfg = Release|Any CPU
		{6F52AD66-0D25-41AF-BB0E-16E58D57CAA4}.Release|Any CPU.Build.0 = Release|Any CPU
	EndGlobalSection
	GlobalSection(SolutionProperties) = preSolution
		HideSolutionNode = FALSE
	EndGlobalSection
	GlobalSection(ExtensibilityGlobals) = postSolution
		SolutionGuid = {F4B65BD5-57DF-482B-811E-B307E67CF1CC}
	EndGlobalSection
EndGlobal
