
Microsoft Visual Studio Solution File, Format Version 12.00
# Visual Studio Version 16
VisualStudioVersion = 16.0.31702.278
MinimumVisualStudioVersion = 10.0.40219.1
Project("{2150E333-8FDC-42A3-9474-1A3956D46DE8}") = "Multiplies 3 or 5", "Multiplies 3 or 5", "{7E904239-5589-4A52-B219-2792E56898AC}"
EndProject
Project("{FAE04EC0-301F-11D3-BF4B-00C04F79EFBC}") = "Multiplies3or5", "Multiplies3or5\Multiplies3or5.csproj", "{E755BAB4-5FF2-45D1-9E62-25FBDAA2F457}"
EndProject
Project("{FAE04EC0-301F-11D3-BF4B-00C04F79EFBC}") = "Multiplies3or5.Tests", "Multiplies3or5.Tests\Multiplies3or5.Tests.csproj", "{05F18950-71E7-450B-8166-26B983AE655A}"
EndProject
Project("{2150E333-8FDC-42A3-9474-1A3956D46DE8}") = "Unique In Order", "Unique In Order", "{A03E635D-ABA5-474F-8A7D-0390D9595B5A}"
EndProject
Project("{FAE04EC0-301F-11D3-BF4B-00C04F79EFBC}") = "UniqueInOrder", "UniqueInOrder\UniqueInOrder.csproj", "{F75EF1C3-E523-43EA-9212-EE1E9FDCF60F}"
EndProject
Project("{FAE04EC0-301F-11D3-BF4B-00C04F79EFBC}") = "UniqueInOrder_Tests", "UniqueInOrder_Tests\UniqueInOrder_Tests.csproj", "{B234B39E-A546-4BA4-BDC9-CDA7ACD87186}"
EndProject
Project("{2150E333-8FDC-42A3-9474-1A3956D46DE8}") = "Numericals of a String", "Numericals of a String", "{527F988E-C961-4D25-A8B3-A3918838A205}"
EndProject
Project("{FAE04EC0-301F-11D3-BF4B-00C04F79EFBC}") = "NumericalsOfaString", "NumericalsOfaString\NumericalsOfaString.csproj", "{6753C32D-D9D8-4CC8-8AC9-091EBAE91292}"
EndProject
Project("{FAE04EC0-301F-11D3-BF4B-00C04F79EFBC}") = "NumericalsOfaString.Tests", "NumericalsOfaString.Tests\NumericalsOfaString.Tests.csproj", "{EA6C6F2B-AC8D-4C27-943A-347684047F9F}"
EndProject
Project("{2150E333-8FDC-42A3-9474-1A3956D46DE8}") = "Count IP Addresses", "Count IP Addresses", "{49AD25CD-B2AA-4A9E-9EAB-702902C5AC13}"
EndProject
Project("{FAE04EC0-301F-11D3-BF4B-00C04F79EFBC}") = "CountIPAddresses", "CountIPAddresses\CountIPAddresses.csproj", "{87060F5C-9854-4324-97C8-F839BA8AC5C0}"
EndProject
Project("{FAE04EC0-301F-11D3-BF4B-00C04F79EFBC}") = "CountIPAddresses.Tests", "CountIPAddresses.Tests\CountIPAddresses.Tests.csproj", "{99E92A8A-BA48-4EB5-90F9-39905002E44B}"
EndProject
Project("{2150E333-8FDC-42A3-9474-1A3956D46DE8}") = "The Clockwise Spiral", "The Clockwise Spiral", "{3CB9AD15-0517-4ED3-9A22-3B37187CFC41}"
EndProject
Project("{FAE04EC0-301F-11D3-BF4B-00C04F79EFBC}") = "TheClockwiseSpiral", "TheClockwiseSpiral\TheClockwiseSpiral.csproj", "{783276E6-5634-4360-9929-51B68DE4EF0B}"
EndProject
Project("{FAE04EC0-301F-11D3-BF4B-00C04F79EFBC}") = "TheClockwiseSpiral.Tests", "TheClockwiseSpiral.Tests\TheClockwiseSpiral.Tests.csproj", "{477D9D73-0747-44E3-B44A-45B1898DC891}"
EndProject
Global
	GlobalSection(SolutionConfigurationPlatforms) = preSolution
		Debug|Any CPU = Debug|Any CPU
		Release|Any CPU = Release|Any CPU
	EndGlobalSection
	GlobalSection(ProjectConfigurationPlatforms) = postSolution
		{E755BAB4-5FF2-45D1-9E62-25FBDAA2F457}.Debug|Any CPU.ActiveCfg = Debug|Any CPU
		{E755BAB4-5FF2-45D1-9E62-25FBDAA2F457}.Debug|Any CPU.Build.0 = Debug|Any CPU
		{E755BAB4-5FF2-45D1-9E62-25FBDAA2F457}.Release|Any CPU.ActiveCfg = Release|Any CPU
		{E755BAB4-5FF2-45D1-9E62-25FBDAA2F457}.Release|Any CPU.Build.0 = Release|Any CPU
		{05F18950-71E7-450B-8166-26B983AE655A}.Debug|Any CPU.ActiveCfg = Debug|Any CPU
		{05F18950-71E7-450B-8166-26B983AE655A}.Debug|Any CPU.Build.0 = Debug|Any CPU
		{05F18950-71E7-450B-8166-26B983AE655A}.Release|Any CPU.ActiveCfg = Release|Any CPU
		{05F18950-71E7-450B-8166-26B983AE655A}.Release|Any CPU.Build.0 = Release|Any CPU
		{F75EF1C3-E523-43EA-9212-EE1E9FDCF60F}.Debug|Any CPU.ActiveCfg = Debug|Any CPU
		{F75EF1C3-E523-43EA-9212-EE1E9FDCF60F}.Debug|Any CPU.Build.0 = Debug|Any CPU
		{F75EF1C3-E523-43EA-9212-EE1E9FDCF60F}.Release|Any CPU.ActiveCfg = Release|Any CPU
		{F75EF1C3-E523-43EA-9212-EE1E9FDCF60F}.Release|Any CPU.Build.0 = Release|Any CPU
		{B234B39E-A546-4BA4-BDC9-CDA7ACD87186}.Debug|Any CPU.ActiveCfg = Debug|Any CPU
		{B234B39E-A546-4BA4-BDC9-CDA7ACD87186}.Debug|Any CPU.Build.0 = Debug|Any CPU
		{B234B39E-A546-4BA4-BDC9-CDA7ACD87186}.Release|Any CPU.ActiveCfg = Release|Any CPU
		{B234B39E-A546-4BA4-BDC9-CDA7ACD87186}.Release|Any CPU.Build.0 = Release|Any CPU
		{6753C32D-D9D8-4CC8-8AC9-091EBAE91292}.Debug|Any CPU.ActiveCfg = Debug|Any CPU
		{6753C32D-D9D8-4CC8-8AC9-091EBAE91292}.Debug|Any CPU.Build.0 = Debug|Any CPU
		{6753C32D-D9D8-4CC8-8AC9-091EBAE91292}.Release|Any CPU.ActiveCfg = Release|Any CPU
		{6753C32D-D9D8-4CC8-8AC9-091EBAE91292}.Release|Any CPU.Build.0 = Release|Any CPU
		{EA6C6F2B-AC8D-4C27-943A-347684047F9F}.Debug|Any CPU.ActiveCfg = Debug|Any CPU
		{EA6C6F2B-AC8D-4C27-943A-347684047F9F}.Debug|Any CPU.Build.0 = Debug|Any CPU
		{EA6C6F2B-AC8D-4C27-943A-347684047F9F}.Release|Any CPU.ActiveCfg = Release|Any CPU
		{EA6C6F2B-AC8D-4C27-943A-347684047F9F}.Release|Any CPU.Build.0 = Release|Any CPU
		{87060F5C-9854-4324-97C8-F839BA8AC5C0}.Debug|Any CPU.ActiveCfg = Debug|Any CPU
		{87060F5C-9854-4324-97C8-F839BA8AC5C0}.Debug|Any CPU.Build.0 = Debug|Any CPU
		{87060F5C-9854-4324-97C8-F839BA8AC5C0}.Release|Any CPU.ActiveCfg = Release|Any CPU
		{87060F5C-9854-4324-97C8-F839BA8AC5C0}.Release|Any CPU.Build.0 = Release|Any CPU
		{99E92A8A-BA48-4EB5-90F9-39905002E44B}.Debug|Any CPU.ActiveCfg = Debug|Any CPU
		{99E92A8A-BA48-4EB5-90F9-39905002E44B}.Debug|Any CPU.Build.0 = Debug|Any CPU
		{99E92A8A-BA48-4EB5-90F9-39905002E44B}.Release|Any CPU.ActiveCfg = Release|Any CPU
		{99E92A8A-BA48-4EB5-90F9-39905002E44B}.Release|Any CPU.Build.0 = Release|Any CPU
		{783276E6-5634-4360-9929-51B68DE4EF0B}.Debug|Any CPU.ActiveCfg = Debug|Any CPU
		{783276E6-5634-4360-9929-51B68DE4EF0B}.Debug|Any CPU.Build.0 = Debug|Any CPU
		{783276E6-5634-4360-9929-51B68DE4EF0B}.Release|Any CPU.ActiveCfg = Release|Any CPU
		{783276E6-5634-4360-9929-51B68DE4EF0B}.Release|Any CPU.Build.0 = Release|Any CPU
		{477D9D73-0747-44E3-B44A-45B1898DC891}.Debug|Any CPU.ActiveCfg = Debug|Any CPU
		{477D9D73-0747-44E3-B44A-45B1898DC891}.Debug|Any CPU.Build.0 = Debug|Any CPU
		{477D9D73-0747-44E3-B44A-45B1898DC891}.Release|Any CPU.ActiveCfg = Release|Any CPU
		{477D9D73-0747-44E3-B44A-45B1898DC891}.Release|Any CPU.Build.0 = Release|Any CPU
	EndGlobalSection
	GlobalSection(SolutionProperties) = preSolution
		HideSolutionNode = FALSE
	EndGlobalSection
	GlobalSection(NestedProjects) = preSolution
		{E755BAB4-5FF2-45D1-9E62-25FBDAA2F457} = {7E904239-5589-4A52-B219-2792E56898AC}
		{05F18950-71E7-450B-8166-26B983AE655A} = {7E904239-5589-4A52-B219-2792E56898AC}
		{F75EF1C3-E523-43EA-9212-EE1E9FDCF60F} = {A03E635D-ABA5-474F-8A7D-0390D9595B5A}
		{B234B39E-A546-4BA4-BDC9-CDA7ACD87186} = {A03E635D-ABA5-474F-8A7D-0390D9595B5A}
		{6753C32D-D9D8-4CC8-8AC9-091EBAE91292} = {527F988E-C961-4D25-A8B3-A3918838A205}
		{EA6C6F2B-AC8D-4C27-943A-347684047F9F} = {527F988E-C961-4D25-A8B3-A3918838A205}
		{87060F5C-9854-4324-97C8-F839BA8AC5C0} = {49AD25CD-B2AA-4A9E-9EAB-702902C5AC13}
		{99E92A8A-BA48-4EB5-90F9-39905002E44B} = {49AD25CD-B2AA-4A9E-9EAB-702902C5AC13}
		{783276E6-5634-4360-9929-51B68DE4EF0B} = {3CB9AD15-0517-4ED3-9A22-3B37187CFC41}
		{477D9D73-0747-44E3-B44A-45B1898DC891} = {3CB9AD15-0517-4ED3-9A22-3B37187CFC41}
	EndGlobalSection
	GlobalSection(ExtensibilityGlobals) = postSolution
		SolutionGuid = {5EE5BDC0-4C13-4DF8-94EC-7DBA032D1E74}
	EndGlobalSection
EndGlobal
